
Microsoft Visual Studio Solution File, Format Version 12.00
# Visual Studio 15
VisualStudioVersion = 15.0.28010.2048
MinimumVisualStudioVersion = 10.0.40219.1
Project("{FAE04EC0-301F-11D3-BF4B-00C04F79EFBC}") = "Mod1_lab1", "Mod1_lab1\Mod1_lab1.csproj", "{B9515F8C-05B9-48A9-AE61-FB737F334FF0}"
EndProject
Global
	GlobalSection(SolutionConfigurationPlatforms) = preSolution
		Debug|Any CPU = Debug|Any CPU
		Release|Any CPU = Release|Any CPU
	EndGlobalSection
	GlobalSection(ProjectConfigurationPlatforms) = postSolution
		{B9515F8C-05B9-48A9-AE61-FB737F334FF0}.Debug|Any CPU.ActiveCfg = Debug|Any CPU
		{B9515F8C-05B9-48A9-AE61-FB737F334FF0}.Debug|Any CPU.Build.0 = Debug|Any CPU
		{B9515F8C-05B9-48A9-AE61-FB737F334FF0}.Release|Any CPU.ActiveCfg = Release|Any CPU
		{B9515F8C-05B9-48A9-AE61-FB737F334FF0}.Release|Any CPU.Build.0 = Release|Any CPU
	EndGlobalSection
	GlobalSection(SolutionProperties) = preSolution
		HideSolutionNode = FALSE
	EndGlobalSection
	GlobalSection(ExtensibilityGlobals) = postSolution
		SolutionGuid = {56981E2F-0ED0-4136-84D7-6D9BCA11D85A}
	EndGlobalSection
EndGlobal
